// !$*UTF8*$!
{
	archiveVersion = 1;
	classes = {
	};
	objectVersion = 50;
	objects = {

/* Begin PBXBuildFile section */
		13511D6726B8D404004D95C4 /* AppDelegate.swift in Sources */ = {isa = PBXBuildFile; fileRef = 13511D6626B8D404004D95C4 /* AppDelegate.swift */; };
		13511D6926B8D404004D95C4 /* SceneDelegate.swift in Sources */ = {isa = PBXBuildFile; fileRef = 13511D6826B8D404004D95C4 /* SceneDelegate.swift */; };
		13511D6B26B8D404004D95C4 /* ViewController.swift in Sources */ = {isa = PBXBuildFile; fileRef = 13511D6A26B8D404004D95C4 /* ViewController.swift */; };
		13511D6E26B8D404004D95C4 /* Main.storyboard in Resources */ = {isa = PBXBuildFile; fileRef = 13511D6C26B8D404004D95C4 /* Main.storyboard */; };
		13511D7126B8D404004D95C4 /* Register.xcdatamodeld in Sources */ = {isa = PBXBuildFile; fileRef = 13511D6F26B8D404004D95C4 /* Register.xcdatamodeld */; };
		13511D7326B8D405004D95C4 /* Assets.xcassets in Resources */ = {isa = PBXBuildFile; fileRef = 13511D7226B8D405004D95C4 /* Assets.xcassets */; };
		13511D7626B8D405004D95C4 /* LaunchScreen.storyboard in Resources */ = {isa = PBXBuildFile; fileRef = 13511D7426B8D405004D95C4 /* LaunchScreen.storyboard */; };
/* End PBXBuildFile section */

/* Begin PBXFileReference section */
		13511D6326B8D404004D95C4 /* Register.app */ = {isa = PBXFileReference; explicitFileType = wrapper.application; includeInIndex = 0; path = Register.app; sourceTree = BUILT_PRODUCTS_DIR; };
		13511D6626B8D404004D95C4 /* AppDelegate.swift */ = {isa = PBXFileReference; lastKnownFileType = sourcecode.swift; path = AppDelegate.swift; sourceTree = "<group>"; };
		13511D6826B8D404004D95C4 /* SceneDelegate.swift */ = {isa = PBXFileReference; lastKnownFileType = sourcecode.swift; path = SceneDelegate.swift; sourceTree = "<group>"; };
		13511D6A26B8D404004D95C4 /* ViewController.swift */ = {isa = PBXFileReference; lastKnownFileType = sourcecode.swift; path = ViewController.swift; sourceTree = "<group>"; };
		13511D6D26B8D404004D95C4 /* Base */ = {isa = PBXFileReference; lastKnownFileType = file.storyboard; name = Base; path = Base.lproj/Main.storyboard; sourceTree = "<group>"; };
		13511D7026B8D404004D95C4 /* Register.xcdatamodel */ = {isa = PBXFileReference; lastKnownFileType = wrapper.xcdatamodel; path = Register.xcdatamodel; sourceTree = "<group>"; };
		13511D7226B8D405004D95C4 /* Assets.xcassets */ = {isa = PBXFileReference; lastKnownFileType = folder.assetcatalog; path = Assets.xcassets; sourceTree = "<group>"; };
		13511D7526B8D405004D95C4 /* Base */ = {isa = PBXFileReference; lastKnownFileType = file.storyboard; name = Base; path = Base.lproj/LaunchScreen.storyboard; sourceTree = "<group>"; };
		13511D7726B8D405004D95C4 /* Info.plist */ = {isa = PBXFileReference; lastKnownFileType = text.plist.xml; path = Info.plist; sourceTree = "<group>"; };
/* End PBXFileReference section */

/* Begin PBXFrameworksBuildPhase section */
		13511D6026B8D404004D95C4 /* Frameworks */ = {
			isa = PBXFrameworksBuildPhase;
			buildActionMask = 2147483647;
			files = (
			);
			runOnlyForDeploymentPostprocessing = 0;
		};
/* End PBXFrameworksBuildPhase section */

/* Begin PBXGroup section */
		13511D5A26B8D404004D95C4 = {
			isa = PBXGroup;
			children = (
				13511D6526B8D404004D95C4 /* Register */,
				13511D6426B8D404004D95C4 /* Products */,
			);
			sourceTree = "<group>";
		};
		13511D6426B8D404004D95C4 /* Products */ = {
			isa = PBXGroup;
			children = (
				13511D6326B8D404004D95C4 /* Register.app */,
			);
			name = Products;
			sourceTree = "<group>";
		};
		13511D6526B8D404004D95C4 /* Register */ = {
			isa = PBXGroup;
			children = (
				13511D6626B8D404004D95C4 /* AppDelegate.swift */,
				13511D6826B8D404004D95C4 /* SceneDelegate.swift */,
				13511D6A26B8D404004D95C4 /* ViewController.swift */,
				13511D6C26B8D404004D95C4 /* Main.storyboard */,
				13511D7226B8D405004D95C4 /* Assets.xcassets */,
				13511D7426B8D405004D95C4 /* LaunchScreen.storyboard */,
				13511D7726B8D405004D95C4 /* Info.plist */,
				13511D6F26B8D404004D95C4 /* Register.xcdatamodeld */,
			);
			path = Register;
			sourceTree = "<group>";
		};
/* End PBXGroup section */

/* Begin PBXNativeTarget section */
		13511D6226B8D404004D95C4 /* Register */ = {
			isa = PBXNativeTarget;
			buildConfigurationList = 13511D7A26B8D405004D95C4 /* Build configuration list for PBXNativeTarget "Register" */;
			buildPhases = (
				13511D5F26B8D404004D95C4 /* Sources */,
				13511D6026B8D404004D95C4 /* Frameworks */,
				13511D6126B8D404004D95C4 /* Resources */,
			);
			buildRules = (
			);
			dependencies = (
			);
			name = Register;
			productName = Register;
			productReference = 13511D6326B8D404004D95C4 /* Register.app */;
			productType = "com.apple.product-type.application";
		};
/* End PBXNativeTarget section */

/* Begin PBXProject section */
		13511D5B26B8D404004D95C4 /* Project object */ = {
			isa = PBXProject;
			attributes = {
				LastSwiftUpdateCheck = 1240;
				LastUpgradeCheck = 1240;
				TargetAttributes = {
					13511D6226B8D404004D95C4 = {
						CreatedOnToolsVersion = 12.4;
					};
				};
			};
			buildConfigurationList = 13511D5E26B8D404004D95C4 /* Build configuration list for PBXProject "Register" */;
			compatibilityVersion = "Xcode 9.3";
			developmentRegion = en;
			hasScannedForEncodings = 0;
			knownRegions = (
				en,
				Base,
			);
			mainGroup = 13511D5A26B8D404004D95C4;
			productRefGroup = 13511D6426B8D404004D95C4 /* Products */;
			projectDirPath = "";
			projectRoot = "";
			targets = (
				13511D6226B8D404004D95C4 /* Register */,
			);
		};
/* End PBXProject section */

/* Begin PBXResourcesBuildPhase section */
		13511D6126B8D404004D95C4 /* Resources */ = {
			isa = PBXResourcesBuildPhase;
			buildActionMask = 2147483647;
			files = (
				13511D7626B8D405004D95C4 /* LaunchScreen.storyboard in Resources */,
				13511D7326B8D405004D95C4 /* Assets.xcassets in Resources */,
				13511D6E26B8D404004D95C4 /* Main.storyboard in Resources */,
			);
			runOnlyForDeploymentPostprocessing = 0;
		};
/* End PBXResourcesBuildPhase section */

/* Begin PBXSourcesBuildPhase section */
		13511D5F26B8D404004D95C4 /* Sources */ = {
			isa = PBXSourcesBuildPhase;
			buildActionMask = 2147483647;
			files = (
				13511D6B26B8D404004D95C4 /* ViewController.swift in Sources */,
				13511D6726B8D404004D95C4 /* AppDelegate.swift in Sources */,
				13511D7126B8D404004D95C4 /* Register.xcdatamodeld in Sources */,
				13511D6926B8D404004D95C4 /* SceneDelegate.swift in Sources */,
			);
			runOnlyForDeploymentPostprocessing = 0;
		};
/* End PBXSourcesBuildPhase section */

/* Begin PBXVariantGroup section */
		13511D6C26B8D404004D95C4 /* Main.storyboard */ = {
			isa = PBXVariantGroup;
			children = (
				13511D6D26B8D404004D95C4 /* Base */,
			);
			name = Main.storyboard;
			sourceTree = "<group>";
		};
		13511D7426B8D405004D95C4 /* LaunchScreen.storyboard */ = {
			isa = PBXVariantGroup;
			children = (
				13511D7526B8D405004D95C4 /* Base */,
			);
			name = LaunchScreen.storyboard;
			sourceTree = "<group>";
		};
/* End PBXVariantGroup section */

/* Begin XCBuildConfiguration section */
		13511D7826B8D405004D95C4 /* Debug */ = {
			isa = XCBuildConfiguration;
			buildSettings = {
				ALWAYS_SEARCH_USER_PATHS = NO;
				CLANG_ANALYZER_NONNULL = YES;
				CLANG_ANALYZER_NUMBER_OBJECT_CONVERSION = YES_AGGRESSIVE;
				CLANG_CXX_LANGUAGE_STANDARD = "gnu++14";
				CLANG_CXX_LIBRARY = "libc++";
				CLANG_ENABLE_MODULES = YES;
				CLANG_ENABLE_OBJC_ARC = YES;
				CLANG_ENABLE_OBJC_WEAK = YES;
				CLANG_WARN_BLOCK_CAPTURE_AUTORELEASING = YES;
				CLANG_WARN_BOOL_CONVERSION = YES;
				CLANG_WARN_COMMA = YES;
				CLANG_WARN_CONSTANT_CONVERSION = YES;
				CLANG_WARN_DEPRECATED_OBJC_IMPLEMENTATIONS = YES;
				CLANG_WARN_DIRECT_OBJC_ISA_USAGE = YES_ERROR;
				CLANG_WARN_DOCUMENTATION_COMMENTS = YES;
				CLANG_WARN_EMPTY_BODY = YES;
				CLANG_WARN_ENUM_CONVERSION = YES;
				CLANG_WARN_INFINITE_RECURSION = YES;
				CLANG_WARN_INT_CONVERSION = YES;
				CLANG_WARN_NON_LITERAL_NULL_CONVERSION = YES;
				CLANG_WARN_OBJC_IMPLICIT_RETAIN_SELF = YES;
				CLANG_WARN_OBJC_LITERAL_CONVERSION = YES;
				CLANG_WARN_OBJC_ROOT_CLASS = YES_ERROR;
				CLANG_WARN_QUOTED_INCLUDE_IN_FRAMEWORK_HEADER = YES;
				CLANG_WARN_RANGE_LOOP_ANALYSIS = YES;
				CLANG_WARN_STRICT_PROTOTYPES = YES;
				CLANG_WARN_SUSPICIOUS_MOVE = YES;
				CLANG_WARN_UNGUARDED_AVAILABILITY = YES_AGGRESSIVE;
				CLANG_WARN_UNREACHABLE_CODE = YES;
				CLANG_WARN__DUPLICATE_METHOD_MATCH = YES;
				COPY_PHASE_STRIP = NO;
				DEBUG_INFORMATION_FORMAT = dwarf;
				ENABLE_STRICT_OBJC_MSGSEND = YES;
				ENABLE_TESTABILITY = YES;
				GCC_C_LANGUAGE_STANDARD = gnu11;
				GCC_DYNAMIC_NO_PIC = NO;
				GCC_NO_COMMON_BLOCKS = YES;
				GCC_OPTIMIZATION_LEVEL = 0;
				GCC_PREPROCESSOR_DEFINITIONS = (
					"DEBUG=1",
					"$(inherited)",
				);
				GCC_WARN_64_TO_32_BIT_CONVERSION = YES;
				GCC_WARN_ABOUT_RETURN_TYPE = YES_ERROR;
				GCC_WARN_UNDECLARED_SELECTOR = YES;
				GCC_WARN_UNINITIALIZED_AUTOS = YES_AGGRESSIVE;
				GCC_WARN_UNUSED_FUNCTION = YES;
				GCC_WARN_UNUSED_VARIABLE = YES;
				IPHONEOS_DEPLOYMENT_TARGET = 14.4;
				MTL_ENABLE_DEBUG_INFO = INCLUDE_SOURCE;
				MTL_FAST_MATH = YES;
				ONLY_ACTIVE_ARCH = YES;
				SDKROOT = iphoneos;
				SWIFT_ACTIVE_COMPILATION_CONDITIONS = DEBUG;
				SWIFT_OPTIMIZATION_LEVEL = "-Onone";
			};
			name = Debug;
		};
		13511D7926B8D405004D95C4 /* Release */ = {
			isa = XCBuildConfiguration;
			buildSettings = {
				ALWAYS_SEARCH_USER_PATHS = NO;
				CLANG_ANALYZER_NONNULL = YES;
				CLANG_ANALYZER_NUMBER_OBJECT_CONVERSION = YES_AGGRESSIVE;
				CLANG_CXX_LANGUAGE_STANDARD = "gnu++14";
				CLANG_CXX_LIBRARY = "libc++";
				CLANG_ENABLE_MODULES = YES;
				CLANG_ENABLE_OBJC_ARC = YES;
				CLANG_ENABLE_OBJC_WEAK = YES;
				CLANG_WARN_BLOCK_CAPTURE_AUTORELEASING = YES;
				CLANG_WARN_BOOL_CONVERSION = YES;
				CLANG_WARN_COMMA = YES;
				CLANG_WARN_CONSTANT_CONVERSION = YES;
				CLANG_WARN_DEPRECATED_OBJC_IMPLEMENTATIONS = YES;
				CLANG_WARN_DIRECT_OBJC_ISA_USAGE = YES_ERROR;
				CLANG_WARN_DOCUMENTATION_COMMENTS = YES;
				CLANG_WARN_EMPTY_BODY = YES;
				CLANG_WARN_ENUM_CONVERSION = YES;
				CLANG_WARN_INFINITE_RECURSION = YES;
				CLANG_WARN_INT_CONVERSION = YES;
				CLANG_WARN_NON_LITERAL_NULL_CONVERSION = YES;
				CLANG_WARN_OBJC_IMPLICIT_RETAIN_SELF = YES;
				CLANG_WARN_OBJC_LITERAL_CONVERSION = YES;
				CLANG_WARN_OBJC_ROOT_CLASS = YES_ERROR;
				CLANG_WARN_QUOTED_INCLUDE_IN_FRAMEWORK_HEADER = YES;
				CLANG_WARN_RANGE_LOOP_ANALYSIS = YES;
				CLANG_WARN_STRICT_PROTOTYPES = YES;
				CLANG_WARN_SUSPICIOUS_MOVE = YES;
				CLANG_WARN_UNGUARDED_AVAILABILITY = YES_AGGRESSIVE;
				CLANG_WARN_UNREACHABLE_CODE = YES;
				CLANG_WARN__DUPLICATE_METHOD_MATCH = YES;
				COPY_PHASE_STRIP = NO;
				DEBUG_INFORMATION_FORMAT = "dwarf-with-dsym";
				ENABLE_NS_ASSERTIONS = NO;
				ENABLE_STRICT_OBJC_MSGSEND = YES;
				GCC_C_LANGUAGE_STANDARD = gnu11;
				GCC_NO_COMMON_BLOCKS = YES;
				GCC_WARN_64_TO_32_BIT_CONVERSION = YES;
				GCC_WARN_ABOUT_RETURN_TYPE = YES_ERROR;
				GCC_WARN_UNDECLARED_SELECTOR = YES;
				GCC_WARN_UNINITIALIZED_AUTOS = YES_AGGRESSIVE;
				GCC_WARN_UNUSED_FUNCTION = YES;
				GCC_WARN_UNUSED_VARIABLE = YES;
				IPHONEOS_DEPLOYMENT_TARGET = 14.4;
				MTL_ENABLE_DEBUG_INFO = NO;
				MTL_FAST_MATH = YES;
				SDKROOT = iphoneos;
				SWIFT_COMPILATION_MODE = wholemodule;
				SWIFT_OPTIMIZATION_LEVEL = "-O";
				VALIDATE_PRODUCT = YES;
			};
			name = Release;
		};
		13511D7B26B8D405004D95C4 /* Debug */ = {
			isa = XCBuildConfiguration;
			buildSettings = {
				ASSETCATALOG_COMPILER_APPICON_NAME = AppIcon;
				ASSETCATALOG_COMPILER_GLOBAL_ACCENT_COLOR_NAME = AccentColor;
				CODE_SIGN_STYLE = Automatic;
				INFOPLIST_FILE = Register/Info.plist;
				LD_RUNPATH_SEARCH_PATHS = (
					"$(inherited)",
					"@executable_path/Frameworks",
				);
				PRODUCT_BUNDLE_IDENTIFIER = com.learn.Register;
				PRODUCT_NAME = "$(TARGET_NAME)";
				SWIFT_VERSION = 5.0;
				TARGETED_DEVICE_FAMILY = "1,2";
			};
			name = Debug;
		};
		13511D7C26B8D405004D95C4 /* Release */ = {
			isa = XCBuildConfiguration;
			buildSettings = {
				ASSETCATALOG_COMPILER_APPICON_NAME = AppIcon;
				ASSETCATALOG_COMPILER_GLOBAL_ACCENT_COLOR_NAME = AccentColor;
				CODE_SIGN_STYLE = Automatic;
				INFOPLIST_FILE = Register/Info.plist;
				LD_RUNPATH_SEARCH_PATHS = (
					"$(inherited)",
					"@executable_path/Frameworks",
				);
				PRODUCT_BUNDLE_IDENTIFIER = com.learn.Register;
				PRODUCT_NAME = "$(TARGET_NAME)";
				SWIFT_VERSION = 5.0;
				TARGETED_DEVICE_FAMILY = "1,2";
			};
			name = Release;
		};
/* End XCBuildConfiguration section */

/* Begin XCConfigurationList section */
		13511D5E26B8D404004D95C4 /* Build configuration list for PBXProject "Register" */ = {
			isa = XCConfigurationList;
			buildConfigurations = (
				13511D7826B8D405004D95C4 /* Debug */,
				13511D7926B8D405004D95C4 /* Release */,
			);
			defaultConfigurationIsVisible = 0;
			defaultConfigurationName = Release;
		};
		13511D7A26B8D405004D95C4 /* Build configuration list for PBXNativeTarget "Register" */ = {
			isa = XCConfigurationList;
			buildConfigurations = (
				13511D7B26B8D405004D95C4 /* Debug */,
				13511D7C26B8D405004D95C4 /* Release */,
			);
			defaultConfigurationIsVisible = 0;
			defaultConfigurationName = Release;
		};
/* End XCConfigurationList section */

/* Begin XCVersionGroup section */
		13511D6F26B8D404004D95C4 /* Register.xcdatamodeld */ = {
			isa = XCVersionGroup;
			children = (
				13511D7026B8D404004D95C4 /* Register.xcdatamodel */,
			);
			currentVersion = 13511D7026B8D404004D95C4 /* Register.xcdatamodel */;
			path = Register.xcdatamodeld;
			sourceTree = "<group>";
			versionGroupType = wrapper.xcdatamodel;
		};
/* End XCVersionGroup section */
	};
	rootObject = 13511D5B26B8D404004D95C4 /* Project object */;
}
